
Microsoft Visual Studio Solution File, Format Version 12.00
# Visual Studio Version 16
VisualStudioVersion = 16.0.30621.155
MinimumVisualStudioVersion = 10.0.40219.1
Project("{9A19103F-16F7-4668-BE54-9A1E7A4F7556}") = "DataAccess", "DataAccess\DataAccess.csproj", "{70B0C6A0-C677-439E-BFA6-85CC316C4DB4}"
EndProject
Project("{9A19103F-16F7-4668-BE54-9A1E7A4F7556}") = "Business", "Business\Business.csproj", "{87598DC3-BDD8-4A01-B8C7-3CA89FFFA63F}"
EndProject
Project("{9A19103F-16F7-4668-BE54-9A1E7A4F7556}") = "Entities", "Entities\Entities.csproj", "{40F03F83-6A25-4F06-9DD6-3E1393EDEAE6}"
EndProject
Project("{9A19103F-16F7-4668-BE54-9A1E7A4F7556}") = "ConsoleUI", "ConsoleUI\ConsoleUI.csproj", "{7B559D43-35D1-419A-8E99-5D6F6C07A73A}"
EndProject
Project("{9A19103F-16F7-4668-BE54-9A1E7A4F7556}") = "Core", "Core\Core.csproj", "{82545B6E-4390-4024-907F-45CA6B6A5B12}"
EndProject
Project("{FAE04EC0-301F-11D3-BF4B-00C04F79EFBC}") = "WebAPI", "WebAPI\WebAPI.csproj", "{76B397E8-33F2-4370-8124-F06C5EDB9DB3}"
EndProject
Global
	GlobalSection(SolutionConfigurationPlatforms) = preSolution
		Debug|Any CPU = Debug|Any CPU
		Release|Any CPU = Release|Any CPU
	EndGlobalSection
	GlobalSection(ProjectConfigurationPlatforms) = postSolution
		{70B0C6A0-C677-439E-BFA6-85CC316C4DB4}.Debug|Any CPU.ActiveCfg = Debug|Any CPU
		{70B0C6A0-C677-439E-BFA6-85CC316C4DB4}.Debug|Any CPU.Build.0 = Debug|Any CPU
		{70B0C6A0-C677-439E-BFA6-85CC316C4DB4}.Release|Any CPU.ActiveCfg = Release|Any CPU
		{70B0C6A0-C677-439E-BFA6-85CC316C4DB4}.Release|Any CPU.Build.0 = Release|Any CPU
		{87598DC3-BDD8-4A01-B8C7-3CA89FFFA63F}.Debug|Any CPU.ActiveCfg = Debug|Any CPU
		{87598DC3-BDD8-4A01-B8C7-3CA89FFFA63F}.Debug|Any CPU.Build.0 = Debug|Any CPU
		{87598DC3-BDD8-4A01-B8C7-3CA89FFFA63F}.Release|Any CPU.ActiveCfg = Release|Any CPU
		{87598DC3-BDD8-4A01-B8C7-3CA89FFFA63F}.Release|Any CPU.Build.0 = Release|Any CPU
		{40F03F83-6A25-4F06-9DD6-3E1393EDEAE6}.Debug|Any CPU.ActiveCfg = Debug|Any CPU
		{40F03F83-6A25-4F06-9DD6-3E1393EDEAE6}.Debug|Any CPU.Build.0 = Debug|Any CPU
		{40F03F83-6A25-4F06-9DD6-3E1393EDEAE6}.Release|Any CPU.ActiveCfg = Release|Any CPU
		{40F03F83-6A25-4F06-9DD6-3E1393EDEAE6}.Release|Any CPU.Build.0 = Release|Any CPU
		{7B559D43-35D1-419A-8E99-5D6F6C07A73A}.Debug|Any CPU.ActiveCfg = Debug|Any CPU
		{7B559D43-35D1-419A-8E99-5D6F6C07A73A}.Debug|Any CPU.Build.0 = Debug|Any CPU
		{7B559D43-35D1-419A-8E99-5D6F6C07A73A}.Release|Any CPU.ActiveCfg = Release|Any CPU
		{7B559D43-35D1-419A-8E99-5D6F6C07A73A}.Release|Any CPU.Build.0 = Release|Any CPU
		{82545B6E-4390-4024-907F-45CA6B6A5B12}.Debug|Any CPU.ActiveCfg = Debug|Any CPU
		{82545B6E-4390-4024-907F-45CA6B6A5B12}.Debug|Any CPU.Build.0 = Debug|Any CPU
		{82545B6E-4390-4024-907F-45CA6B6A5B12}.Release|Any CPU.ActiveCfg = Release|Any CPU
		{82545B6E-4390-4024-907F-45CA6B6A5B12}.Release|Any CPU.Build.0 = Release|Any CPU
		{76B397E8-33F2-4370-8124-F06C5EDB9DB3}.Debug|Any CPU.ActiveCfg = Debug|Any CPU
		{76B397E8-33F2-4370-8124-F06C5EDB9DB3}.Debug|Any CPU.Build.0 = Debug|Any CPU
		{76B397E8-33F2-4370-8124-F06C5EDB9DB3}.Release|Any CPU.ActiveCfg = Release|Any CPU
		{76B397E8-33F2-4370-8124-F06C5EDB9DB3}.Release|Any CPU.Build.0 = Release|Any CPU
	EndGlobalSection
	GlobalSection(SolutionProperties) = preSolution
		HideSolutionNode = FALSE
	EndGlobalSection
	GlobalSection(ExtensibilityGlobals) = postSolution
		SolutionGuid = {A9C94DC9-21A4-49E0-813D-A009F5F73970}
	EndGlobalSection
EndGlobal
